
Microsoft Visual Studio Solution File, Format Version 12.00
# Visual Studio Version 17
VisualStudioVersion = 17.5.002.0
MinimumVisualStudioVersion = 10.0.40219.1
Project("{9A19103F-16F7-4668-BE54-9A1E7A4F7556}") = "functions", "functions.csproj", "{781AEE52-6F67-4D30-8DCC-48DE80F0C3D4}"
EndProject
Global
	GlobalSection(SolutionConfigurationPlatforms) = preSolution
		Debug|Any CPU = Debug|Any CPU
		Release|Any CPU = Release|Any CPU
	EndGlobalSection
	GlobalSection(ProjectConfigurationPlatforms) = postSolution
		{781AEE52-6F67-4D30-8DCC-48DE80F0C3D4}.Debug|Any CPU.ActiveCfg = Debug|Any CPU
		{781AEE52-6F67-4D30-8DCC-48DE80F0C3D4}.Debug|Any CPU.Build.0 = Debug|Any CPU
		{781AEE52-6F67-4D30-8DCC-48DE80F0C3D4}.Release|Any CPU.ActiveCfg = Release|Any CPU
		{781AEE52-6F67-4D30-8DCC-48DE80F0C3D4}.Release|Any CPU.Build.0 = Release|Any CPU
	EndGlobalSection
	GlobalSection(SolutionProperties) = preSolution
		HideSolutionNode = FALSE
	EndGlobalSection
	GlobalSection(ExtensibilityGlobals) = postSolution
		SolutionGuid = {5897E9DC-0549-43BC-9B1F-8B27594C92D6}
	EndGlobalSection
EndGlobal
